
Microsoft Visual Studio Solution File, Format Version 12.00
# Visual Studio Version 17
VisualStudioVersion = 17.3.32901.215
MinimumVisualStudioVersion = 10.0.40219.1
Project("{2150E333-8FDC-42A3-9474-1A3956D46DE8}") = "Solution Items", "Solution Items", "{D32BA677-D03F-4FD2-9C16-54B2844CDA4A}"
	ProjectSection(SolutionItems) = preProject
		..\.editorconfig = ..\.editorconfig
		..\.gitattributes = ..\.gitattributes
		..\.gitignore = ..\.gitignore
		..\LICENSE.md = ..\LICENSE.md
		..\README.md = ..\README.md
	EndProjectSection
EndProject
Project("{9A19103F-16F7-4668-BE54-9A1E7A4F7556}") = "MusicLibrarySuite.CatalogService", "MusicLibrarySuite.CatalogService\MusicLibrarySuite.CatalogService.csproj", "{A197C3B5-34F8-40E2-B0B2-A39B63BAC6A8}"
EndProject
Project("{9A19103F-16F7-4668-BE54-9A1E7A4F7556}") = "MusicLibrarySuite.CatalogService.Interfaces", "MusicLibrarySuite.CatalogService.Interfaces\MusicLibrarySuite.CatalogService.Interfaces.csproj", "{86860380-DD44-49DE-A8A3-2A9D00082C19}"
EndProject
Global
	GlobalSection(SolutionConfigurationPlatforms) = preSolution
		Debug|Any CPU = Debug|Any CPU
		Release|Any CPU = Release|Any CPU
	EndGlobalSection
	GlobalSection(ProjectConfigurationPlatforms) = postSolution
		{A197C3B5-34F8-40E2-B0B2-A39B63BAC6A8}.Debug|Any CPU.ActiveCfg = Debug|Any CPU
		{A197C3B5-34F8-40E2-B0B2-A39B63BAC6A8}.Debug|Any CPU.Build.0 = Debug|Any CPU
		{A197C3B5-34F8-40E2-B0B2-A39B63BAC6A8}.Release|Any CPU.ActiveCfg = Release|Any CPU
		{A197C3B5-34F8-40E2-B0B2-A39B63BAC6A8}.Release|Any CPU.Build.0 = Release|Any CPU
		{86860380-DD44-49DE-A8A3-2A9D00082C19}.Debug|Any CPU.ActiveCfg = Debug|Any CPU
		{86860380-DD44-49DE-A8A3-2A9D00082C19}.Debug|Any CPU.Build.0 = Debug|Any CPU
		{86860380-DD44-49DE-A8A3-2A9D00082C19}.Release|Any CPU.ActiveCfg = Release|Any CPU
		{86860380-DD44-49DE-A8A3-2A9D00082C19}.Release|Any CPU.Build.0 = Release|Any CPU
	EndGlobalSection
	GlobalSection(SolutionProperties) = preSolution
		HideSolutionNode = FALSE
	EndGlobalSection
	GlobalSection(ExtensibilityGlobals) = postSolution
		SolutionGuid = {B4AE5CC6-DE20-4FAD-AF8F-97728449B05E}
	EndGlobalSection
EndGlobal
